// !$*UTF8*$!
{
	archiveVersion = 1;
	classes = {
	};
	objectVersion = 46;
	objects = {

/* Begin PBXBuildFile section */
		99778ED61B26D6E600B842D7 /* AppDelegate.swift in Sources */ = {isa = PBXBuildFile; fileRef = 99778ED51B26D6E600B842D7 /* AppDelegate.swift */; };
		99778ED81B26D6E600B842D7 /* ViewController.swift in Sources */ = {isa = PBXBuildFile; fileRef = 99778ED71B26D6E600B842D7 /* ViewController.swift */; };
		99778EDB1B26D6E600B842D7 /* Main.storyboard in Resources */ = {isa = PBXBuildFile; fileRef = 99778ED91B26D6E600B842D7 /* Main.storyboard */; };
		99778EDD1B26D6E600B842D7 /* Images.xcassets in Resources */ = {isa = PBXBuildFile; fileRef = 99778EDC1B26D6E600B842D7 /* Images.xcassets */; };
		99778EE01B26D6E600B842D7 /* LaunchScreen.xib in Resources */ = {isa = PBXBuildFile; fileRef = 99778EDE1B26D6E600B842D7 /* LaunchScreen.xib */; };
		99778EEC1B26D6E600B842D7 /* BankTests.swift in Sources */ = {isa = PBXBuildFile; fileRef = 99778EEB1B26D6E600B842D7 /* BankTests.swift */; };
/* End PBXBuildFile section */

/* Begin PBXContainerItemProxy section */
		99778EE61B26D6E600B842D7 /* PBXContainerItemProxy */ = {
			isa = PBXContainerItemProxy;
			containerPortal = 99778EC81B26D6E600B842D7 /* Project object */;
			proxyType = 1;
			remoteGlobalIDString = 99778ECF1B26D6E600B842D7;
			remoteInfo = Bank;
		};
/* End PBXContainerItemProxy section */

/* Begin PBXFileReference section */
		99778ED01B26D6E600B842D7 /* Bank.app */ = {isa = PBXFileReference; explicitFileType = wrapper.application; includeInIndex = 0; path = Bank.app; sourceTree = BUILT_PRODUCTS_DIR; };
		99778ED41B26D6E600B842D7 /* Info.plist */ = {isa = PBXFileReference; lastKnownFileType = text.plist.xml; path = Info.plist; sourceTree = "<group>"; };
		99778ED51B26D6E600B842D7 /* AppDelegate.swift */ = {isa = PBXFileReference; lastKnownFileType = sourcecode.swift; path = AppDelegate.swift; sourceTree = "<group>"; };
		99778ED71B26D6E600B842D7 /* ViewController.swift */ = {isa = PBXFileReference; lastKnownFileType = sourcecode.swift; path = ViewController.swift; sourceTree = "<group>"; };
		99778EDA1B26D6E600B842D7 /* Base */ = {isa = PBXFileReference; lastKnownFileType = file.storyboard; name = Base; path = Base.lproj/Main.storyboard; sourceTree = "<group>"; };
		99778EDC1B26D6E600B842D7 /* Images.xcassets */ = {isa = PBXFileReference; lastKnownFileType = folder.assetcatalog; path = Images.xcassets; sourceTree = "<group>"; };
		99778EDF1B26D6E600B842D7 /* Base */ = {isa = PBXFileReference; lastKnownFileType = file.xib; name = Base; path = Base.lproj/LaunchScreen.xib; sourceTree = "<group>"; };
		99778EE51B26D6E600B842D7 /* BankTests.xctest */ = {isa = PBXFileReference; explicitFileType = wrapper.cfbundle; includeInIndex = 0; path = BankTests.xctest; sourceTree = BUILT_PRODUCTS_DIR; };
		99778EEA1B26D6E600B842D7 /* Info.plist */ = {isa = PBXFileReference; lastKnownFileType = text.plist.xml; path = Info.plist; sourceTree = "<group>"; };
		99778EEB1B26D6E600B842D7 /* BankTests.swift */ = {isa = PBXFileReference; lastKnownFileType = sourcecode.swift; path = BankTests.swift; sourceTree = "<group>"; };
/* End PBXFileReference section */

/* Begin PBXFrameworksBuildPhase section */
		99778ECD1B26D6E600B842D7 /* Frameworks */ = {
			isa = PBXFrameworksBuildPhase;
			buildActionMask = 2147483647;
			files = (
			);
			runOnlyForDeploymentPostprocessing = 0;
		};
		99778EE21B26D6E600B842D7 /* Frameworks */ = {
			isa = PBXFrameworksBuildPhase;
			buildActionMask = 2147483647;
			files = (
			);
			runOnlyForDeploymentPostprocessing = 0;
		};
/* End PBXFrameworksBuildPhase section */

/* Begin PBXGroup section */
		99778EC71B26D6E600B842D7 = {
			isa = PBXGroup;
			children = (
				99778ED21B26D6E600B842D7 /* Bank */,
				99778EE81B26D6E600B842D7 /* BankTests */,
				99778ED11B26D6E600B842D7 /* Products */,
			);
			sourceTree = "<group>";
		};
		99778ED11B26D6E600B842D7 /* Products */ = {
			isa = PBXGroup;
			children = (
				99778ED01B26D6E600B842D7 /* Bank.app */,
				99778EE51B26D6E600B842D7 /* BankTests.xctest */,
			);
			name = Products;
			sourceTree = "<group>";
		};
		99778ED21B26D6E600B842D7 /* Bank */ = {
			isa = PBXGroup;
			children = (
				99778EF51B26D6FD00B842D7 /* MainController */,
				99778ED51B26D6E600B842D7 /* AppDelegate.swift */,
				99778EDC1B26D6E600B842D7 /* Images.xcassets */,
				99778EDE1B26D6E600B842D7 /* LaunchScreen.xib */,
				99778ED31B26D6E600B842D7 /* Supporting Files */,
			);
			path = Bank;
			sourceTree = "<group>";
		};
		99778ED31B26D6E600B842D7 /* Supporting Files */ = {
			isa = PBXGroup;
			children = (
				99778ED41B26D6E600B842D7 /* Info.plist */,
			);
			name = "Supporting Files";
			sourceTree = "<group>";
		};
		99778EE81B26D6E600B842D7 /* BankTests */ = {
			isa = PBXGroup;
			children = (
				99778EEB1B26D6E600B842D7 /* BankTests.swift */,
				99778EE91B26D6E600B842D7 /* Supporting Files */,
			);
			path = BankTests;
			sourceTree = "<group>";
		};
		99778EE91B26D6E600B842D7 /* Supporting Files */ = {
			isa = PBXGroup;
			children = (
				99778EEA1B26D6E600B842D7 /* Info.plist */,
			);
			name = "Supporting Files";
			sourceTree = "<group>";
		};
		99778EF51B26D6FD00B842D7 /* MainController */ = {
			isa = PBXGroup;
			children = (
				99778ED91B26D6E600B842D7 /* Main.storyboard */,
				99778ED71B26D6E600B842D7 /* ViewController.swift */,
			);
			name = MainController;
			sourceTree = "<group>";
		};
/* End PBXGroup section */

/* Begin PBXNativeTarget section */
		99778ECF1B26D6E600B842D7 /* Bank */ = {
			isa = PBXNativeTarget;
			buildConfigurationList = 99778EEF1B26D6E600B842D7 /* Build configuration list for PBXNativeTarget "Bank" */;
			buildPhases = (
				99778ECC1B26D6E600B842D7 /* Sources */,
				99778ECD1B26D6E600B842D7 /* Frameworks */,
				99778ECE1B26D6E600B842D7 /* Resources */,
			);
			buildRules = (
			);
			dependencies = (
			);
			name = Bank;
			productName = Bank;
			productReference = 99778ED01B26D6E600B842D7 /* Bank.app */;
			productType = "com.apple.product-type.application";
		};
		99778EE41B26D6E600B842D7 /* BankTests */ = {
			isa = PBXNativeTarget;
			buildConfigurationList = 99778EF21B26D6E600B842D7 /* Build configuration list for PBXNativeTarget "BankTests" */;
			buildPhases = (
				99778EE11B26D6E600B842D7 /* Sources */,
				99778EE21B26D6E600B842D7 /* Frameworks */,
				99778EE31B26D6E600B842D7 /* Resources */,
			);
			buildRules = (
			);
			dependencies = (
				99778EE71B26D6E600B842D7 /* PBXTargetDependency */,
			);
			name = BankTests;
			productName = BankTests;
			productReference = 99778EE51B26D6E600B842D7 /* BankTests.xctest */;
			productType = "com.apple.product-type.bundle.unit-test";
		};
/* End PBXNativeTarget section */

/* Begin PBXProject section */
		99778EC81B26D6E600B842D7 /* Project object */ = {
			isa = PBXProject;
			attributes = {
				LastUpgradeCheck = 0630;
				ORGANIZATIONNAME = Deloitte;
				TargetAttributes = {
					99778ECF1B26D6E600B842D7 = {
						CreatedOnToolsVersion = 6.3;
					};
					99778EE41B26D6E600B842D7 = {
						CreatedOnToolsVersion = 6.3;
						TestTargetID = 99778ECF1B26D6E600B842D7;
					};
				};
			};
			buildConfigurationList = 99778ECB1B26D6E600B842D7 /* Build configuration list for PBXProject "Bank" */;
			compatibilityVersion = "Xcode 3.2";
			developmentRegion = English;
			hasScannedForEncodings = 0;
			knownRegions = (
				en,
				Base,
			);
			mainGroup = 99778EC71B26D6E600B842D7;
			productRefGroup = 99778ED11B26D6E600B842D7 /* Products */;
			projectDirPath = "";
			projectRoot = "";
			targets = (
				99778ECF1B26D6E600B842D7 /* Bank */,
				99778EE41B26D6E600B842D7 /* BankTests */,
			);
		};
/* End PBXProject section */

/* Begin PBXResourcesBuildPhase section */
		99778ECE1B26D6E600B842D7 /* Resources */ = {
			isa = PBXResourcesBuildPhase;
			buildActionMask = 2147483647;
			files = (
				99778EDB1B26D6E600B842D7 /* Main.storyboard in Resources */,
				99778EE01B26D6E600B842D7 /* LaunchScreen.xib in Resources */,
				99778EDD1B26D6E600B842D7 /* Images.xcassets in Resources */,
			);
			runOnlyForDeploymentPostprocessing = 0;
		};
		99778EE31B26D6E600B842D7 /* Resources */ = {
			isa = PBXResourcesBuildPhase;
			buildActionMask = 2147483647;
			files = (
			);
			runOnlyForDeploymentPostprocessing = 0;
		};
/* End PBXResourcesBuildPhase section */

/* Begin PBXSourcesBuildPhase section */
		99778ECC1B26D6E600B842D7 /* Sources */ = {
			isa = PBXSourcesBuildPhase;
			buildActionMask = 2147483647;
			files = (
				99778ED81B26D6E600B842D7 /* ViewController.swift in Sources */,
				99778ED61B26D6E600B842D7 /* AppDelegate.swift in Sources */,
			);
			runOnlyForDeploymentPostprocessing = 0;
		};
		99778EE11B26D6E600B842D7 /* Sources */ = {
			isa = PBXSourcesBuildPhase;
			buildActionMask = 2147483647;
			files = (
				99778EEC1B26D6E600B842D7 /* BankTests.swift in Sources */,
			);
			runOnlyForDeploymentPostprocessing = 0;
		};
/* End PBXSourcesBuildPhase section */

/* Begin PBXTargetDependency section */
		99778EE71B26D6E600B842D7 /* PBXTargetDependency */ = {
			isa = PBXTargetDependency;
			target = 99778ECF1B26D6E600B842D7 /* Bank */;
			targetProxy = 99778EE61B26D6E600B842D7 /* PBXContainerItemProxy */;
		};
/* End PBXTargetDependency section */

/* Begin PBXVariantGroup section */
		99778ED91B26D6E600B842D7 /* Main.storyboard */ = {
			isa = PBXVariantGroup;
			children = (
				99778EDA1B26D6E600B842D7 /* Base */,
			);
			name = Main.storyboard;
			sourceTree = "<group>";
		};
		99778EDE1B26D6E600B842D7 /* LaunchScreen.xib */ = {
			isa = PBXVariantGroup;
			children = (
				99778EDF1B26D6E600B842D7 /* Base */,
			);
			name = LaunchScreen.xib;
			sourceTree = "<group>";
		};
/* End PBXVariantGroup section */

/* Begin XCBuildConfiguration section */
		99778EED1B26D6E600B842D7 /* Debug */ = {
			isa = XCBuildConfiguration;
			buildSettings = {
				ALWAYS_SEARCH_USER_PATHS = NO;
				CLANG_CXX_LANGUAGE_STANDARD = "gnu++0x";
				CLANG_CXX_LIBRARY = "libc++";
				CLANG_ENABLE_MODULES = YES;
				CLANG_ENABLE_OBJC_ARC = YES;
				CLANG_WARN_BOOL_CONVERSION = YES;
				CLANG_WARN_CONSTANT_CONVERSION = YES;
				CLANG_WARN_DIRECT_OBJC_ISA_USAGE = YES_ERROR;
				CLANG_WARN_EMPTY_BODY = YES;
				CLANG_WARN_ENUM_CONVERSION = YES;
				CLANG_WARN_INT_CONVERSION = YES;
				CLANG_WARN_OBJC_ROOT_CLASS = YES_ERROR;
				CLANG_WARN_UNREACHABLE_CODE = YES;
				CLANG_WARN__DUPLICATE_METHOD_MATCH = YES;
				"CODE_SIGN_IDENTITY[sdk=iphoneos*]" = "iPhone Developer";
				COPY_PHASE_STRIP = NO;
				DEBUG_INFORMATION_FORMAT = "dwarf-with-dsym";
				ENABLE_STRICT_OBJC_MSGSEND = YES;
				GCC_C_LANGUAGE_STANDARD = gnu99;
				GCC_DYNAMIC_NO_PIC = NO;
				GCC_NO_COMMON_BLOCKS = YES;
				GCC_OPTIMIZATION_LEVEL = 0;
				GCC_PREPROCESSOR_DEFINITIONS = (
					"DEBUG=1",
					"$(inherited)",
				);
				GCC_SYMBOLS_PRIVATE_EXTERN = NO;
				GCC_WARN_64_TO_32_BIT_CONVERSION = YES;
				GCC_WARN_ABOUT_RETURN_TYPE = YES_ERROR;
				GCC_WARN_UNDECLARED_SELECTOR = YES;
				GCC_WARN_UNINITIALIZED_AUTOS = YES_AGGRESSIVE;
				GCC_WARN_UNUSED_FUNCTION = YES;
				GCC_WARN_UNUSED_VARIABLE = YES;
				IPHONEOS_DEPLOYMENT_TARGET = 8.3;
				MTL_ENABLE_DEBUG_INFO = YES;
				ONLY_ACTIVE_ARCH = YES;
				SDKROOT = iphoneos;
				SWIFT_OPTIMIZATION_LEVEL = "-Onone";
			};
			name = Debug;
		};
		99778EEE1B26D6E600B842D7 /* Release */ = {
			isa = XCBuildConfiguration;
			buildSettings = {
				ALWAYS_SEARCH_USER_PATHS = NO;
				CLANG_CXX_LANGUAGE_STANDARD = "gnu++0x";
				CLANG_CXX_LIBRARY = "libc++";
				CLANG_ENABLE_MODULES = YES;
				CLANG_ENABLE_OBJC_ARC = YES;
				CLANG_WARN_BOOL_CONVERSION = YES;
				CLANG_WARN_CONSTANT_CONVERSION = YES;
				CLANG_WARN_DIRECT_OBJC_ISA_USAGE = YES_ERROR;
				CLANG_WARN_EMPTY_BODY = YES;
				CLANG_WARN_ENUM_CONVERSION = YES;
				CLANG_WARN_INT_CONVERSION = YES;
				CLANG_WARN_OBJC_ROOT_CLASS = YES_ERROR;
				CLANG_WARN_UNREACHABLE_CODE = YES;
				CLANG_WARN__DUPLICATE_METHOD_MATCH = YES;
				"CODE_SIGN_IDENTITY[sdk=iphoneos*]" = "iPhone Developer";
				COPY_PHASE_STRIP = NO;
				DEBUG_INFORMATION_FORMAT = "dwarf-with-dsym";
				ENABLE_NS_ASSERTIONS = NO;
				ENABLE_STRICT_OBJC_MSGSEND = YES;
				GCC_C_LANGUAGE_STANDARD = gnu99;
				GCC_NO_COMMON_BLOCKS = YES;
				GCC_WARN_64_TO_32_BIT_CONVERSION = YES;
				GCC_WARN_ABOUT_RETURN_TYPE = YES_ERROR;
				GCC_WARN_UNDECLARED_SELECTOR = YES;
				GCC_WARN_UNINITIALIZED_AUTOS = YES_AGGRESSIVE;
				GCC_WARN_UNUSED_FUNCTION = YES;
				GCC_WARN_UNUSED_VARIABLE = YES;
				IPHONEOS_DEPLOYMENT_TARGET = 8.3;
				MTL_ENABLE_DEBUG_INFO = NO;
				SDKROOT = iphoneos;
				VALIDATE_PRODUCT = YES;
			};
			name = Release;
		};
		99778EF01B26D6E600B842D7 /* Debug */ = {
			isa = XCBuildConfiguration;
			buildSettings = {
				ASSETCATALOG_COMPILER_APPICON_NAME = AppIcon;
				INFOPLIST_FILE = Bank/Info.plist;
				LD_RUNPATH_SEARCH_PATHS = "$(inherited) @executable_path/Frameworks";
				PRODUCT_NAME = "$(TARGET_NAME)";
			};
			name = Debug;
		};
		99778EF11B26D6E600B842D7 /* Release */ = {
			isa = XCBuildConfiguration;
			buildSettings = {
				ASSETCATALOG_COMPILER_APPICON_NAME = AppIcon;
				INFOPLIST_FILE = Bank/Info.plist;
				LD_RUNPATH_SEARCH_PATHS = "$(inherited) @executable_path/Frameworks";
				PRODUCT_NAME = "$(TARGET_NAME)";
			};
			name = Release;
		};
		99778EF31B26D6E600B842D7 /* Debug */ = {
			isa = XCBuildConfiguration;
			buildSettings = {
				BUNDLE_LOADER = "$(TEST_HOST)";
				FRAMEWORK_SEARCH_PATHS = (
					"$(SDKROOT)/Developer/Library/Frameworks",
					"$(inherited)",
				);
				GCC_PREPROCESSOR_DEFINITIONS = (
					"DEBUG=1",
					"$(inherited)",
				);
				INFOPLIST_FILE = BankTests/Info.plist;
				LD_RUNPATH_SEARCH_PATHS = "$(inherited) @executable_path/Frameworks @loader_path/Frameworks";
				PRODUCT_NAME = "$(TARGET_NAME)";
				TEST_HOST = "$(BUILT_PRODUCTS_DIR)/Bank.app/Bank";
			};
			name = Debug;
		};
		99778EF41B26D6E600B842D7 /* Release */ = {
			isa = XCBuildConfiguration;
			buildSettings = {
				BUNDLE_LOADER = "$(TEST_HOST)";
				FRAMEWORK_SEARCH_PATHS = (
					"$(SDKROOT)/Developer/Library/Frameworks",
					"$(inherited)",
				);
				INFOPLIST_FILE = BankTests/Info.plist;
				LD_RUNPATH_SEARCH_PATHS = "$(inherited) @executable_path/Frameworks @loader_path/Frameworks";
				PRODUCT_NAME = "$(TARGET_NAME)";
				TEST_HOST = "$(BUILT_PRODUCTS_DIR)/Bank.app/Bank";
			};
			name = Release;
		};
/* End XCBuildConfiguration section */

/* Begin XCConfigurationList section */
		99778ECB1B26D6E600B842D7 /* Build configuration list for PBXProject "Bank" */ = {
			isa = XCConfigurationList;
			buildConfigurations = (
				99778EED1B26D6E600B842D7 /* Debug */,
				99778EEE1B26D6E600B842D7 /* Release */,
			);
			defaultConfigurationIsVisible = 0;
			defaultConfigurationName = Release;
		};
		99778EEF1B26D6E600B842D7 /* Build configuration list for PBXNativeTarget "Bank" */ = {
			isa = XCConfigurationList;
			buildConfigurations = (
				99778EF01B26D6E600B842D7 /* Debug */,
				99778EF11B26D6E600B842D7 /* Release */,
			);
			defaultConfigurationIsVisible = 0;
		};
		99778EF21B26D6E600B842D7 /* Build configuration list for PBXNativeTarget "BankTests" */ = {
			isa = XCConfigurationList;
			buildConfigurations = (
				99778EF31B26D6E600B842D7 /* Debug */,
				99778EF41B26D6E600B842D7 /* Release */,
			);
			defaultConfigurationIsVisible = 0;
		};
/* End XCConfigurationList section */
	};
	rootObject = 99778EC81B26D6E600B842D7 /* Project object */;
}
